
Microsoft Visual Studio Solution File, Format Version 12.00
# Visual Studio Version 17
VisualStudioVersion = 17.3.32825.248
MinimumVisualStudioVersion = 10.0.40219.1
Project("{FAE04EC0-301F-11D3-BF4B-00C04F79EFBC}") = "ObjectANDClass", "ObjectANDClass\ObjectANDClass.csproj", "{44AB4719-BCA0-4ED9-85FC-CC7D758413D1}"
EndProject
Global
	GlobalSection(SolutionConfigurationPlatforms) = preSolution
		Debug|Any CPU = Debug|Any CPU
		Release|Any CPU = Release|Any CPU
	EndGlobalSection
	GlobalSection(ProjectConfigurationPlatforms) = postSolution
		{44AB4719-BCA0-4ED9-85FC-CC7D758413D1}.Debug|Any CPU.ActiveCfg = Debug|Any CPU
		{44AB4719-BCA0-4ED9-85FC-CC7D758413D1}.Debug|Any CPU.Build.0 = Debug|Any CPU
		{44AB4719-BCA0-4ED9-85FC-CC7D758413D1}.Release|Any CPU.ActiveCfg = Release|Any CPU
		{44AB4719-BCA0-4ED9-85FC-CC7D758413D1}.Release|Any CPU.Build.0 = Release|Any CPU
	EndGlobalSection
	GlobalSection(SolutionProperties) = preSolution
		HideSolutionNode = FALSE
	EndGlobalSection
	GlobalSection(ExtensibilityGlobals) = postSolution
		SolutionGuid = {32A702BF-A6F3-42A3-B831-7120152CE17F}
	EndGlobalSection
EndGlobal
