
Microsoft Visual Studio Solution File, Format Version 12.00
# Visual Studio Version 17
VisualStudioVersion = 17.3.32825.248
MinimumVisualStudioVersion = 10.0.40219.1
Project("{FAE04EC0-301F-11D3-BF4B-00C04F79EFBC}") = "introToMVC", "introToMVC\introToMVC.csproj", "{C0675E82-AB64-4467-B01F-313DF34FE61C}"
EndProject
Global
	GlobalSection(SolutionConfigurationPlatforms) = preSolution
		Debug|Any CPU = Debug|Any CPU
		Release|Any CPU = Release|Any CPU
	EndGlobalSection
	GlobalSection(ProjectConfigurationPlatforms) = postSolution
		{C0675E82-AB64-4467-B01F-313DF34FE61C}.Debug|Any CPU.ActiveCfg = Debug|Any CPU
		{C0675E82-AB64-4467-B01F-313DF34FE61C}.Debug|Any CPU.Build.0 = Debug|Any CPU
		{C0675E82-AB64-4467-B01F-313DF34FE61C}.Release|Any CPU.ActiveCfg = Release|Any CPU
		{C0675E82-AB64-4467-B01F-313DF34FE61C}.Release|Any CPU.Build.0 = Release|Any CPU
	EndGlobalSection
	GlobalSection(SolutionProperties) = preSolution
		HideSolutionNode = FALSE
	EndGlobalSection
	GlobalSection(ExtensibilityGlobals) = postSolution
		SolutionGuid = {8ABC0785-9D6D-4590-A867-7EBF9BCF051E}
	EndGlobalSection
EndGlobal
